
Microsoft Visual Studio Solution File, Format Version 12.00
# Visual Studio Version 16
VisualStudioVersion = 16.0.29306.81
MinimumVisualStudioVersion = 10.0.40219.1
Project("{FAE04EC0-301F-11D3-BF4B-00C04F79EFBC}") = "ComicBookWebsite", "ComicBookWebsite\ComicBookWebsite.csproj", "{AF47BAA0-89F1-444B-BA82-9ADAA59DEC89}"
EndProject
Global
	GlobalSection(SolutionConfigurationPlatforms) = preSolution
		Debug|Any CPU = Debug|Any CPU
		Release|Any CPU = Release|Any CPU
	EndGlobalSection
	GlobalSection(ProjectConfigurationPlatforms) = postSolution
		{AF47BAA0-89F1-444B-BA82-9ADAA59DEC89}.Debug|Any CPU.ActiveCfg = Debug|Any CPU
		{AF47BAA0-89F1-444B-BA82-9ADAA59DEC89}.Debug|Any CPU.Build.0 = Debug|Any CPU
		{AF47BAA0-89F1-444B-BA82-9ADAA59DEC89}.Release|Any CPU.ActiveCfg = Release|Any CPU
		{AF47BAA0-89F1-444B-BA82-9ADAA59DEC89}.Release|Any CPU.Build.0 = Release|Any CPU
	EndGlobalSection
	GlobalSection(SolutionProperties) = preSolution
		HideSolutionNode = FALSE
	EndGlobalSection
	GlobalSection(ExtensibilityGlobals) = postSolution
		SolutionGuid = {D5CDDD9A-1698-4F16-A66F-68B147AFE206}
	EndGlobalSection
EndGlobal
